
Microsoft Visual Studio Solution File, Format Version 12.00
# Visual Studio 15
VisualStudioVersion = 15.0.27703.2000
MinimumVisualStudioVersion = 10.0.40219.1
Project("{FAE04EC0-301F-11D3-BF4B-00C04F79EFBC}") = "SpatialDotNet", "SpatialDotNet.csproj", "{3B4FA464-8D14-4478-BE0A-7DD0900DF808}"
EndProject
Project("{FAE04EC0-301F-11D3-BF4B-00C04F79EFBC}") = "SpatialDotNet.Tests", "SpatialDotNet.Tests\SpatialDotNet.Tests.csproj", "{D056EED0-D3A9-4A88-AB04-4437605B9257}"
EndProject
Global
	GlobalSection(SolutionConfigurationPlatforms) = preSolution
		Debug|Any CPU = Debug|Any CPU
		Release|Any CPU = Release|Any CPU
	EndGlobalSection
	GlobalSection(ProjectConfigurationPlatforms) = postSolution
		{3B4FA464-8D14-4478-BE0A-7DD0900DF808}.Debug|Any CPU.ActiveCfg = Debug|Any CPU
		{3B4FA464-8D14-4478-BE0A-7DD0900DF808}.Debug|Any CPU.Build.0 = Debug|Any CPU
		{3B4FA464-8D14-4478-BE0A-7DD0900DF808}.Release|Any CPU.ActiveCfg = Release|Any CPU
		{3B4FA464-8D14-4478-BE0A-7DD0900DF808}.Release|Any CPU.Build.0 = Release|Any CPU
		{D056EED0-D3A9-4A88-AB04-4437605B9257}.Debug|Any CPU.ActiveCfg = Debug|Any CPU
		{D056EED0-D3A9-4A88-AB04-4437605B9257}.Debug|Any CPU.Build.0 = Debug|Any CPU
		{D056EED0-D3A9-4A88-AB04-4437605B9257}.Release|Any CPU.ActiveCfg = Release|Any CPU
		{D056EED0-D3A9-4A88-AB04-4437605B9257}.Release|Any CPU.Build.0 = Release|Any CPU
	EndGlobalSection
	GlobalSection(SolutionProperties) = preSolution
		HideSolutionNode = FALSE
	EndGlobalSection
	GlobalSection(ExtensibilityGlobals) = postSolution
		SolutionGuid = {F6531D47-18E0-437D-BA28-FDDD894DCCB4}
	EndGlobalSection
EndGlobal
